{
    "_meta": {
        "hash": {
            "sha256": "2829d5aa14515d82a2b4f4f6c0bef441aba25934d81edfdec2cbed02dc143983"
        },
        "pipfile-spec": 6,
        "requires": {
            "python_version": "3.6"
        },
        "sources": [
            {
                "name": "pypi",
                "url": "https://pypi.org/simple",
                "verify_ssl": true
            }
        ]
    },
    "default": {
        "appnope": {
            "hashes": [
                "sha256:5b26757dc6f79a3b7dc9fab95359328d5747fcb2409d331ea66d0272b90ab2a0",
                "sha256:8b995ffe925347a2138d7ac0fe77155e4311a0ea6d6da4f5128fe4b3cbe5ed71"
            ],
            "markers": "sys_platform == 'darwin'",
            "version": "==0.1.0"
        },
        "attrs": {
            "hashes": [
                "sha256:69c0dbf2ed392de1cb5ec704444b08a5ef81680a61cb899dc08127123af36a79",
                "sha256:f0b870f674851ecbfbbbd364d6b5cbdff9dcedbc7f3f5e18a6891057f21fe399"
            ],
            "version": "==19.1.0"
        },
        "backcall": {
            "hashes": [
                "sha256:38ecd85be2c1e78f77fd91700c76e14667dc21e2713b63876c0eb901196e01e4",
                "sha256:bbbf4b1e5cd2bdb08f915895b51081c041bac22394fdfcfdfbe9f14b77c08bf2"
            ],
            "version": "==0.1.0"
        },
        "bleach": {
            "hashes": [
                "sha256:213336e49e102af26d9cde77dd2d0397afabc5a6bf2fed985dc35b5d1e285a16",
                "sha256:3fdf7f77adcf649c9911387df51254b813185e32b2c6619f690b593a617e19fa"
            ],
            "version": "==3.1.0"
        },
        "click": {
            "hashes": [
                "sha256:2335065e6395b9e67ca716de5f7526736bfa6ceead690adf616d925bdc622b13",
                "sha256:5b94b49521f6456670fdb30cd82a4eca9412788a93fa6dd6df72c94d5a8ff2d7"
            ],
            "version": "==7.0"
        },
        "cloudpickle": {
            "hashes": [
                "sha256:3ea6fd33b7521855a97819b3d645f92d51c8763d3ab5df35197cd8e96c19ba6f",
                "sha256:70b492d5e06b779707c00b334311abcd4ac144c56910068aeeda0079e6244ef0"
            ],
            "version": "==0.8.1"
        },
        "dask": {
            "extras": [
                "complete"
            ],
            "hashes": [
                "sha256:4d1f11380c324767126e3b46997965aed31cddbe1278c51f5dbc47712ec30df8",
                "sha256:698284efe14d6362e7bee48eebf28c6b7f629e3435643d02261b81d5f1f477e1"
            ],
            "index": "pypi",
            "version": "==1.2.0"
        },
        "decorator": {
            "hashes": [
                "sha256:86156361c50488b84a3f148056ea716ca587df2f0de1d34750d35c21312725de",
                "sha256:f069f3a01830ca754ba5258fde2278454a0b5b79e0d7f5c13b3b97e57d4acff6"
            ],
            "version": "==4.4.0"
        },
        "defusedxml": {
            "hashes": [
                "sha256:6687150770438374ab581bb7a1b327a847dd9c5749e396102de3fad4e8a3ef93",
                "sha256:f684034d135af4c6cbb949b8a4d2ed61634515257a67299e5f940fbaa34377f5"
            ],
            "version": "==0.6.0"
        },
        "distributed": {
            "hashes": [
                "sha256:cda01d30a8f36616ee3e5f8e09e74290fb0f97fae806560b9353d9add3cec326",
                "sha256:d805254eddefed9c85184439b3eafea9f33b351ce035804c4d16f4ca6e799009"
            ],
            "version": "==1.27.0"
        },
        "entrypoints": {
            "hashes": [
                "sha256:589f874b313739ad35be6e0cd7efde2a4e9b6fea91edcc34e58ecbb8dbe56d19",
                "sha256:c70dd71abe5a8c85e55e12c19bd91ccfeec11a6e99044204511f9ed547d48451"
            ],
            "version": "==0.3"
        },
        "enum34": {
            "hashes": [
                "sha256:2d81cbbe0e73112bdfe6ef8576f2238f2ba27dd0d55752a776c41d38b7da2850",
                "sha256:644837f692e5f550741432dd3f223bbb9852018674981b1664e5dc339387588a",
                "sha256:6bd0f6ad48ec2aa117d3d141940d484deccda84d4fcd884f5c3d93c23ecd8c79",
                "sha256:8ad8c4783bf61ded74527bffb48ed9b54166685e4230386a9ed9b1279e2df5b1"
            ],
            "version": "==1.1.6"
        },
        "heapdict": {
            "hashes": [
                "sha256:40c9e3680616cfdf942f77429a3a9e0a76f31ce965d62f4ffbe63a83a5ef1b5a"
            ],
            "version": "==1.0.0"
        },
        "ipykernel": {
            "hashes": [
                "sha256:0aeb7ec277ac42cc2b59ae3d08b10909b2ec161dc6908096210527162b53675d",
                "sha256:0fc0bf97920d454102168ec2008620066878848fcfca06c22b669696212e292f"
            ],
            "version": "==5.1.0"
        },
        "ipython": {
            "hashes": [
                "sha256:b038baa489c38f6d853a3cfc4c635b0cda66f2864d136fe8f40c1a6e334e2a6b",
                "sha256:f5102c1cd67e399ec8ea66bcebe6e3968ea25a8977e53f012963e5affeb1fe38"
            ],
            "markers": "python_version >= '3.3'",
            "version": "==7.4.0"
        },
        "ipython-genutils": {
            "hashes": [
                "sha256:72dd37233799e619666c9f639a9da83c34013a73e8bbc79a7a6348d93c61fab8",
                "sha256:eb2e116e75ecef9d4d228fdc66af54269afa26ab4463042e33785b887c628ba8"
            ],
            "version": "==0.2.0"
        },
        "ipywidgets": {
            "hashes": [
                "sha256:0f2b5cde9f272cb49d52f3f0889fdd1a7ae1e74f37b48dac35a83152780d2b7b",
                "sha256:a3e224f430163f767047ab9a042fc55adbcab0c24bbe6cf9f306c4f89fdf0ba3"
            ],
            "index": "pypi",
            "version": "==7.4.2"
        },
        "jedi": {
            "hashes": [
                "sha256:2bb0603e3506f708e792c7f4ad8fc2a7a9d9c2d292a358fbbd58da531695595b",
                "sha256:2c6bcd9545c7d6440951b12b44d373479bf18123a401a52025cf98563fbd826c"
            ],
            "version": "==0.13.3"
        },
        "jinja2": {
            "hashes": [
                "sha256:065c4f02ebe7f7cf559e49ee5a95fb800a9e4528727aec6f24402a5374c65013",
                "sha256:14dd6caf1527abb21f08f86c784eac40853ba93edb79552aa1e4b8aef1b61c7b"
            ],
            "version": "==2.10.1"
        },
        "jsonschema": {
            "hashes": [
                "sha256:0c0a81564f181de3212efa2d17de1910f8732fa1b71c42266d983cd74304e20d",
                "sha256:a5f6559964a3851f59040d3b961de5e68e70971afb88ba519d27e6a039efff1a"
            ],
            "version": "==3.0.1"
        },
        "jupyter-client": {
            "hashes": [
                "sha256:b5f9cb06105c1d2d30719db5ffb3ea67da60919fb68deaefa583deccd8813551",
                "sha256:c44411eb1463ed77548bc2d5ec0d744c9b81c4a542d9637c7a52824e2121b987"
            ],
            "version": "==5.2.4"
        },
        "jupyter-core": {
            "hashes": [
                "sha256:927d713ffa616ea11972534411544589976b2493fc7e09ad946e010aa7eb9970",
                "sha256:ba70754aa680300306c699790128f6fbd8c306ee5927976cbe48adacf240c0b7"
            ],
            "version": "==4.4.0"
        },
        "llvmlite": {
            "hashes": [
                "sha256:035d55963fc45e0074aa0e5659dd2f37c1ebaabe2f803404e4b2857a5c8b692c",
                "sha256:07ed7e38be53611dce7daa36274469dd99995b149c361efc9f509aa8569c2088",
                "sha256:0c5765dca193710ae6bb025961515126cc5ff50121f7eb9b092c422fbc889636",
                "sha256:0dc9bd9e1ec44768dae990d026f9e25467a286d534550bf7185dbb0ddde9850a",
                "sha256:1770d6b4a234cbe87f58ce32bde5d83a7890ad7f1a3cf767baae07baba0f7673",
                "sha256:28b24ab2e95f80b2c4db9f97dd21b1630c35b427e429ac13b841f190146e420d",
                "sha256:2a0703efaf5e0abce62effd200facb5c491e8452471d40866e0afe4f9698261b",
                "sha256:36c280ad6fdfa79e69853ed706a5007ad3d3b9fcc6c4217aca0610b93f25a907",
                "sha256:3e7c020931bca3afb9aaf0a768abee7e689bdede56b1c832cef17d6c3a7d86a1",
                "sha256:4039e6350b22de27576405693b2fe72e8e3f63175f1a6b7f60a97d2235f05ab8",
                "sha256:4c337e847a0f3f491361cb7cc90835b17fbe898994d175e4c8f444fbcf2dffd3",
                "sha256:4e68173ab3be4654ecdbf9238347e23005405f2f5eb6a4e9b48f6e4f0d5a0e50",
                "sha256:4f9a3bac281806fc8d0f06c339ad7f295637edcb2a13621853e024941d53bd0e",
                "sha256:5112f5f7072d3d5c4615cb9f173701a42f3883d26f17ec1b4d8a442f80caa14a",
                "sha256:51fb457dcda0df1cf07ccc89278f9408c4a10504d2d64e44a354e1cb97c96c0f",
                "sha256:55561dffb145356dc1633f3cf325c11675e2d12b23adc6c6c3b4ef268d28d50f",
                "sha256:59c6dcc8a37fee7703b444018d2c2929dce854f15c9a7db868a02ebe2f2e9302",
                "sha256:82f42b16fdea19d0b166bfe2f0b01cab13deec9cb3c47b70a20c870968d0dbe2",
                "sha256:965fd21608977899bd0b9d03b7ce20df5d884753fb50aa34c84cfe11579df7a8",
                "sha256:99bfe5d20344dce92d159f4cdaaac953a1e50b13aaeeab72c4c243bd60ce5819",
                "sha256:a189c0cd8a80e8bbd002a1e422b1efcc2bceab2cb63b961f2d03ab711c3ba45b",
                "sha256:b0decf92f8de3fa2125e7b4822d5460488cfdf0a18b81b482c4865a17e8980af",
                "sha256:ddc7c4e4dd7851f845a3e4044ab4a83a3b6c46462f002b6c8c06bdb5d4a70a9f",
                "sha256:dde4b5e4298976bd721974657ce76178176ea5e55437346b0d52503c0acb5db1",
                "sha256:e91a044a996197c67dd8f73c02ab332c6deca090e3f6152ef0849e5c03e8ca21"
            ],
            "version": "==0.28.0"
        },
        "locket": {
            "hashes": [
                "sha256:1fee63c1153db602b50154684f5725564e63a0f6d09366a1cb13dffcec179fb4"
            ],
            "version": "==0.2.0"
        },
        "markupsafe": {
            "hashes": [
                "sha256:00bc623926325b26bb9605ae9eae8a215691f33cae5df11ca5424f06f2d1f473",
                "sha256:09027a7803a62ca78792ad89403b1b7a73a01c8cb65909cd876f7fcebd79b161",
                "sha256:09c4b7f37d6c648cb13f9230d847adf22f8171b1ccc4d5682398e77f40309235",
                "sha256:1027c282dad077d0bae18be6794e6b6b8c91d58ed8a8d89a89d59693b9131db5",
                "sha256:24982cc2533820871eba85ba648cd53d8623687ff11cbb805be4ff7b4c971aff",
                "sha256:29872e92839765e546828bb7754a68c418d927cd064fd4708fab9fe9c8bb116b",
                "sha256:43a55c2930bbc139570ac2452adf3d70cdbb3cfe5912c71cdce1c2c6bbd9c5d1",
                "sha256:46c99d2de99945ec5cb54f23c8cd5689f6d7177305ebff350a58ce5f8de1669e",
                "sha256:500d4957e52ddc3351cabf489e79c91c17f6e0899158447047588650b5e69183",
                "sha256:535f6fc4d397c1563d08b88e485c3496cf5784e927af890fb3c3aac7f933ec66",
                "sha256:62fe6c95e3ec8a7fad637b7f3d372c15ec1caa01ab47926cfdf7a75b40e0eac1",
                "sha256:6dd73240d2af64df90aa7c4e7481e23825ea70af4b4922f8ede5b9e35f78a3b1",
                "sha256:717ba8fe3ae9cc0006d7c451f0bb265ee07739daf76355d06366154ee68d221e",
                "sha256:79855e1c5b8da654cf486b830bd42c06e8780cea587384cf6545b7d9ac013a0b",
                "sha256:7c1699dfe0cf8ff607dbdcc1e9b9af1755371f92a68f706051cc8c37d447c905",
                "sha256:88e5fcfb52ee7b911e8bb6d6aa2fd21fbecc674eadd44118a9cc3863f938e735",
                "sha256:8defac2f2ccd6805ebf65f5eeb132adcf2ab57aa11fdf4c0dd5169a004710e7d",
                "sha256:98c7086708b163d425c67c7a91bad6e466bb99d797aa64f965e9d25c12111a5e",
                "sha256:9add70b36c5666a2ed02b43b335fe19002ee5235efd4b8a89bfcf9005bebac0d",
                "sha256:9bf40443012702a1d2070043cb6291650a0841ece432556f784f004937f0f32c",
                "sha256:ade5e387d2ad0d7ebf59146cc00c8044acbd863725f887353a10df825fc8ae21",
                "sha256:b00c1de48212e4cc9603895652c5c410df699856a2853135b3967591e4beebc2",
                "sha256:b1282f8c00509d99fef04d8ba936b156d419be841854fe901d8ae224c59f0be5",
                "sha256:b2051432115498d3562c084a49bba65d97cf251f5a331c64a12ee7e04dacc51b",
                "sha256:ba59edeaa2fc6114428f1637ffff42da1e311e29382d81b339c1817d37ec93c6",
                "sha256:c8716a48d94b06bb3b2524c2b77e055fb313aeb4ea620c8dd03a105574ba704f",
                "sha256:cd5df75523866410809ca100dc9681e301e3c27567cf498077e8551b6d20e42f",
                "sha256:e249096428b3ae81b08327a63a485ad0878de3fb939049038579ac0ef61e17e7"
            ],
            "version": "==1.1.1"
        },
        "mistune": {
            "hashes": [
                "sha256:59a3429db53c50b5c6bcc8a07f8848cb00d7dc8bdb431a4ab41920d201d4756e",
                "sha256:88a1051873018da288eee8538d476dffe1262495144b33ecb586c4ab266bb8d4"
            ],
            "version": "==0.8.4"
        },
        "msgpack": {
            "hashes": [
                "sha256:26cb40116111c232bc235ce131cc3b4e76549088cb154e66a2eb8ff6fcc907ec",
                "sha256:300fd3f2c664a3bf473d6a952f843b4a71454f4c592ed7e74a36b205c1782d28",
                "sha256:3129c355342853007de4a2a86e75eab966119733eb15748819b6554363d4e85c",
                "sha256:31f6d645ee5a97d59d3263fab9e6be76f69fa131cddc0d94091a3c8aca30d67a",
                "sha256:3ce7ef7ee2546c3903ca8c934d09250531b80c6127e6478781ae31ed835aac4c",
                "sha256:4008c72f5ef2b7936447dcb83db41d97e9791c83221be13d5e19db0796df1972",
                "sha256:62bd8e43d204580308d477a157b78d3fee2fb4c15d32578108dc5d89866036c8",
                "sha256:70cebfe08fb32f83051971264466eadf183101e335d8107b80002e632f425511",
                "sha256:72cb7cf85e9df5251abd7b61a1af1fb77add15f40fa7328e924a9c0b6bc7a533",
                "sha256:7c55649965c35eb32c499d17dadfb8f53358b961582846e1bc06f66b9bccc556",
                "sha256:86b963a5de11336ec26bc4f839327673c9796b398b9f1fe6bb6150c2a5d00f0f",
                "sha256:8c73c9bcdfb526247c5e4f4f6cf581b9bb86b388df82cfcaffde0a6e7bf3b43a",
                "sha256:8e68c76c6aff4849089962d25346d6784d38e02baa23ffa513cf46be72e3a540",
                "sha256:97ac6b867a8f63debc64f44efdc695109d541ecc361ee2dce2c8884ab37360a1",
                "sha256:9d4f546af72aa001241d74a79caec278bcc007b4bcde4099994732e98012c858",
                "sha256:a28e69fe5468c9f5251c7e4e7232286d71b7dfadc74f312006ebe984433e9746",
                "sha256:fd509d4aa95404ce8d86b4e32ce66d5d706fd6646c205e1c2a715d87078683a2"
            ],
            "version": "==0.6.1"
        },
        "nbconvert": {
            "hashes": [
                "sha256:302554a2e219bc0fc84f3edd3e79953f3767b46ab67626fdec16e38ba3f7efe4",
                "sha256:5de8fb2284422272a1d45abc77c07b888127550a6d602ce619592a2b08a474ff"
            ],
            "version": "==5.4.1"
        },
        "nbformat": {
            "hashes": [
                "sha256:b9a0dbdbd45bb034f4f8893cafd6f652ea08c8c1674ba83f2dc55d3955743b0b",
                "sha256:f7494ef0df60766b7cabe0a3651556345a963b74dbc16bc7c18479041170d402"
            ],
            "version": "==4.4.0"
        },
        "notebook": {
            "hashes": [
                "sha256:573e0ae650c5d76b18b6e564ba6d21bf321d00847de1d215b418acb64f056eb8",
                "sha256:f64fa6624d2323fbef6210a621817d6505a45d0d4a9367f1843b20a38a4666ee"
            ],
            "version": "==5.7.8"
        },
        "numba": {
            "hashes": [
                "sha256:26ae60dc9b725ff32ea755e99014c6aecd86d28378fa0200bb295e5c3c9c42a5",
                "sha256:34e47e1d9fc2212a60cd09d55cf68e55ea66d23cb97d670ddee0e0c762f8813e",
                "sha256:39459756aa18f7bceb7d9218e43158208840735e3c144b7d3f98ffaeec45e813",
                "sha256:3bc984fc48e4e968000633bfc9ce1678f5225835ef26edb72acecc808762054d",
                "sha256:4ea075d5085e1de558084019b9dc8edddd5af25c5c94dccf6d726e13a3e74065",
                "sha256:56d17b41219f8225013adfdb849fbfcc9f5ce2eae2d0b4aff7657c1c06be2c54",
                "sha256:581b0dd765a1760035fec0ea7b46a8197b0c83aef861f39ced80fdc448f95eca",
                "sha256:5ee873d08fbd8b300a6adcf533cbae5a4331214fffe13c2cd2f9b4f4f7d894f3",
                "sha256:8474ca7cdb688bc57d11641ecd03e752c8bd093a079c9b409ea94c311bdbb4e1",
                "sha256:870610f310a5338b3ca3d391a6abdf4fe3f4e5130d836fae991a95c233ab7b4e",
                "sha256:878dc5da34a9a2390e213290bf15b490fffdab5405afaeb138cf836515fad026",
                "sha256:8c62cd40cd3b080862af68c3e233dafc6aac2e9263d0b328dcc8d82a31f5ac56",
                "sha256:9708df9f05fa0478ab09ce08ab6fef673bd8e15de6d638ca2174202ac7d5a579",
                "sha256:9f63e93377fa40bada25ae02d4e79a206c223c02a794ff9c780ed3a4a403d197",
                "sha256:a7b42d9055da747c1b4cab9747fe5c98dcdbff30884dd003449adfa30d23ba64",
                "sha256:ae3e1c42feda71add88ceee4461ed6804ddb90c352ca09c3958db90689be457b",
                "sha256:c026991084928aebffb0590ccce611a71d08cd8ba8fea690c6ec6b3552b7d9d9",
                "sha256:c5773cae81259b5b834ced7537ee2d625fac29795de5d24e9b751418f53abc91",
                "sha256:c9b5069a9e4e5daf297803697a5819c193e42afa3cfd66bded6f28134adf7330",
                "sha256:ce7669937744a55300336a665e9a3b758601c810a2e9ed0c5d1b619072bff1ea",
                "sha256:d2c48b0f10b09f84f0b1494f408b46d8be45db9b868d9bf312f1c0251de92c45",
                "sha256:d2c8c0327ef365540bf36f1c860af1c7b2f86866738f36264be152b3a54ef888",
                "sha256:e3f19b3cb9fa6a0479a56e0da13e59c8e06fe8392cce5eaa85c7f159ae4570c0",
                "sha256:e7789d473f332a17e40166d2960826d821edd75d148b4ed340a893a334b46fae",
                "sha256:f5f908bf358e2f6d4015a04998da86136f6933f3c0a35eb35c59641475c6cdba"
            ],
            "index": "pypi",
            "version": "==0.43.1"
        },
        "numpy": {
            "hashes": [
                "sha256:0e2eed77804b2a6a88741f8fcac02c5499bba3953ec9c71e8b217fad4912c56c",
                "sha256:1c666f04553ef70fda54adf097dbae7080645435fc273e2397f26bbf1d127bbb",
                "sha256:1f46532afa7b2903bfb1b79becca2954c0a04389d19e03dc73f06b039048ac40",
                "sha256:315fa1b1dfc16ae0f03f8fd1c55f23fd15368710f641d570236f3d78af55e340",
                "sha256:3d5fcea4f5ed40c3280791d54da3ad2ecf896f4c87c877b113576b8280c59441",
                "sha256:48241759b99d60aba63b0e590332c600fc4b46ad597c9b0a53f350b871ef0634",
                "sha256:4b4f2924b36d857cf302aec369caac61e43500c17eeef0d7baacad1084c0ee84",
                "sha256:54fe3b7ed9e7eb928bbc4318f954d133851865f062fa4bbb02ef8940bc67b5d2",
                "sha256:5a8f021c70e6206c317974c93eaaf9bc2b56295b6b1cacccf88846e44a1f33fc",
                "sha256:754a6be26d938e6ca91942804eb209307b73f806a1721176278a6038869a1686",
                "sha256:771147e654e8b95eea1293174a94f34e2e77d5729ad44aefb62fbf8a79747a15",
                "sha256:78a6f89da87eeb48014ec652a65c4ffde370c036d780a995edaeb121d3625621",
                "sha256:7fde5c2a3a682a9e101e61d97696687ebdba47637611378b4127fe7e47fdf2bf",
                "sha256:80d99399c97f646e873dd8ce87c38cfdbb668956bbc39bc1e6cac4b515bba2a0",
                "sha256:88a72c1e45a0ae24d1f249a529d9f71fe82e6fa6a3fd61414b829396ec585900",
                "sha256:a4f4460877a16ac73302a9c077ca545498d9fe64e6a81398d8e1a67e4695e3df",
                "sha256:a61255a765b3ac73ee4b110b28fccfbf758c985677f526c2b4b39c48cc4b509d",
                "sha256:ab4896a8c910b9a04c0142871d8800c76c8a2e5ff44763513e1dd9d9631ce897",
                "sha256:abbd6b1c2ef6199f4b7ca9f818eb6b31f17b73a6110aadc4e4298c3f00fab24e",
                "sha256:b16d88da290334e33ea992c56492326ea3b06233a00a1855414360b77ca72f26",
                "sha256:b78a1defedb0e8f6ae1eb55fa6ac74ab42acc4569c3a2eacc2a407ee5d42ebcb",
                "sha256:cfef82c43b8b29ca436560d51b2251d5117818a8d1fb74a8384a83c096745dad",
                "sha256:d160e57731fcdec2beda807ebcabf39823c47e9409485b5a3a1db3a8c6ce763e"
            ],
            "version": "==1.16.3"
        },
        "pandas": {
            "hashes": [
                "sha256:071e42b89b57baa17031af8c6b6bbd2e9a5c68c595bc6bf9adabd7a9ed125d3b",
                "sha256:17450e25ae69e2e6b303817bdf26b2cd57f69595d8550a77c308be0cd0fd58fa",
                "sha256:17916d818592c9ec891cbef2e90f98cc85e0f1e89ed0924c9b5220dc3209c846",
                "sha256:2538f099ab0e9f9c9d09bbcd94b47fd889bad06dc7ae96b1ed583f1dc1a7a822",
                "sha256:366f30710172cb45a6b4f43b66c220653b1ea50303fbbd94e50571637ffb9167",
                "sha256:42e5ad741a0d09232efbc7fc648226ed93306551772fc8aecc6dce9f0e676794",
                "sha256:4e718e7f395ba5bfe8b6f6aaf2ff1c65a09bb77a36af6394621434e7cc813204",
                "sha256:4f919f409c433577a501e023943e582c57355d50a724c589e78bc1d551a535a2",
                "sha256:4fe0d7e6438212e839fc5010c78b822664f1a824c0d263fd858f44131d9166e2",
                "sha256:5149a6db3e74f23dc3f5a216c2c9ae2e12920aa2d4a5b77e44e5b804a5f93248",
                "sha256:627594338d6dd995cfc0bacd8e654cd9e1252d2a7c959449228df6740d737eb8",
                "sha256:83c702615052f2a0a7fb1dd289726e29ec87a27272d775cb77affe749cca28f8",
                "sha256:8c872f7fdf3018b7891e1e3e86c55b190e6c5cee70cab771e8f246c855001296",
                "sha256:90f116086063934afd51e61a802a943826d2aac572b2f7d55caaac51c13db5b5",
                "sha256:a3352bacac12e1fc646213b998bce586f965c9d431773d9e91db27c7c48a1f7d",
                "sha256:bcdd06007cca02d51350f96debe51331dec429ac8f93930a43eb8fb5639e3eb5",
                "sha256:c1bd07ebc15285535f61ddd8c0c75d0d6293e80e1ee6d9a8d73f3f36954342d0",
                "sha256:c9a4b7c55115eb278c19aa14b34fcf5920c8fe7797a09b7b053ddd6195ea89b3",
                "sha256:cc8fc0c7a8d5951dc738f1c1447f71c43734244453616f32b8aa0ef6013a5dfb",
                "sha256:d7b460bc316064540ce0c41c1438c416a40746fd8a4fb2999668bf18f3c4acf1"
            ],
            "index": "pypi",
            "version": "==0.24.2"
        },
        "pandocfilters": {
            "hashes": [
                "sha256:b3dd70e169bb5449e6bc6ff96aea89c5eea8c5f6ab5e207fc2f521a2cf4a0da9"
            ],
            "version": "==1.4.2"
        },
        "parso": {
            "hashes": [
                "sha256:17cc2d7a945eb42c3569d4564cdf49bde221bc2b552af3eca9c1aad517dcdd33",
                "sha256:2e9574cb12e7112a87253e14e2c380ce312060269d04bd018478a3c92ea9a376"
            ],
            "version": "==0.4.0"
        },
        "partd": {
            "hashes": [
                "sha256:33722a228ebcd1fa6f44b1631bdd4cff056376f89eb826d7d880b35b637bcfba",
                "sha256:826e8034dc1503005f86b67c8542bc8c71cc35b33741b413e82d25a09cc26ad9"
            ],
            "version": "==0.3.10"
        },
        "pexpect": {
            "hashes": [
                "sha256:2094eefdfcf37a1fdbfb9aa090862c1a4878e5c7e0e7e7088bdb511c558e5cd1",
                "sha256:9e2c1fd0e6ee3a49b28f95d4b33bc389c89b20af6a1255906e90ff1262ce62eb"
            ],
            "markers": "sys_platform != 'win32'",
            "version": "==4.7.0"
        },
        "pickleshare": {
            "hashes": [
                "sha256:87683d47965c1da65cdacaf31c8441d12b8044cdec9aca500cd78fc2c683afca",
                "sha256:9649af414d74d4df115d5d718f82acb59c9d418196b7b4290ed47a12ce62df56"
            ],
            "version": "==0.7.5"
        },
        "prometheus-client": {
            "hashes": [
                "sha256:1b38b958750f66f208bcd9ab92a633c0c994d8859c831f7abc1f46724fcee490"
            ],
            "version": "==0.6.0"
        },
        "prompt-toolkit": {
            "hashes": [
                "sha256:11adf3389a996a6d45cc277580d0d53e8a5afd281d0c9ec71b28e6f121463780",
                "sha256:2519ad1d8038fd5fc8e770362237ad0364d16a7650fb5724af6997ed5515e3c1",
                "sha256:977c6583ae813a37dc1c2e1b715892461fcbdaa57f6fc62f33a528c4886c8f55"
            ],
            "version": "==2.0.9"
        },
        "psutil": {
            "hashes": [
                "sha256:23e9cd90db94fbced5151eaaf9033ae9667c033dffe9e709da761c20138d25b6",
                "sha256:27858d688a58cbfdd4434e1c40f6c79eb5014b709e725c180488ccdf2f721729",
                "sha256:354601a1d1a1322ae5920ba397c58d06c29728a15113598d1a8158647aaa5385",
                "sha256:9c3a768486194b4592c7ae9374faa55b37b9877fd9746fb4028cb0ac38fd4c60",
                "sha256:c1fd45931889dc1812ba61a517630d126f6185f688eac1693171c6524901b7de",
                "sha256:d463a142298112426ebd57351b45c39adb41341b91f033aa903fa4c6f76abecc",
                "sha256:e1494d20ffe7891d07d8cb9a8b306c1a38d48b13575265d090fc08910c56d474",
                "sha256:ec4b4b638b84d42fc48139f9352f6c6587ee1018d55253542ee28db7480cc653",
                "sha256:fa0a570e0a30b9dd618bffbece590ae15726b47f9f1eaf7518dfb35f4d7dcd21"
            ],
            "index": "pypi",
            "version": "==5.6.1"
        },
        "ptyprocess": {
            "hashes": [
                "sha256:923f299cc5ad920c68f2bc0bc98b75b9f838b93b599941a6b63ddbc2476394c0",
                "sha256:d7cc528d76e76342423ca640335bd3633420dc1366f258cb31d05e865ef5ca1f"
            ],
            "markers": "os_name != 'nt'",
            "version": "==0.6.0"
        },
        "pygments": {
            "hashes": [
                "sha256:5ffada19f6203563680669ee7f53b64dabbeb100eb51b61996085e99c03b284a",
                "sha256:e8218dd399a61674745138520d0d4cf2621d7e032439341bc3f647bff125818d"
            ],
            "version": "==2.3.1"
        },
        "pyrsistent": {
            "hashes": [
                "sha256:3ca82748918eb65e2d89f222b702277099aca77e34843c5eb9d52451173970e2"
            ],
            "version": "==0.14.11"
        },
        "python-dateutil": {
            "hashes": [
                "sha256:7e6584c74aeed623791615e26efd690f29817a27c73085b78e4bad02493df2fb",
                "sha256:c89805f6f4d64db21ed966fda138f8a5ed7a4fdbc1a8ee329ce1b74e3c74da9e"
            ],
            "version": "==2.8.0"
        },
        "pytz": {
            "hashes": [
                "sha256:303879e36b721603cc54604edcac9d20401bdbe31e1e4fdee5b9f98d5d31dfda",
                "sha256:d747dd3d23d77ef44c6a3526e274af6efeb0a6f1afd5a69ba4d5be4098c8e141"
            ],
            "version": "==2019.1"
        },
        "pyyaml": {
            "hashes": [
                "sha256:1adecc22f88d38052fb787d959f003811ca858b799590a5eaa70e63dca50308c",
                "sha256:436bc774ecf7c103814098159fbb84c2715d25980175292c648f2da143909f95",
                "sha256:460a5a4248763f6f37ea225d19d5c205677d8d525f6a83357ca622ed541830c2",
                "sha256:5a22a9c84653debfbf198d02fe592c176ea548cccce47553f35f466e15cf2fd4",
                "sha256:7a5d3f26b89d688db27822343dfa25c599627bc92093e788956372285c6298ad",
                "sha256:9372b04a02080752d9e6f990179a4ab840227c6e2ce15b95e1278456664cf2ba",
                "sha256:a5dcbebee834eaddf3fa7366316b880ff4062e4bcc9787b78c7fbb4a26ff2dd1",
                "sha256:aee5bab92a176e7cd034e57f46e9df9a9862a71f8f37cad167c6fc74c65f5b4e",
                "sha256:c51f642898c0bacd335fc119da60baae0824f2cde95b0330b56c0553439f0673",
                "sha256:c68ea4d3ba1705da1e0d85da6684ac657912679a649e8868bd850d2c299cce13",
                "sha256:e23d0cc5299223dcc37885dae624f382297717e459ea24053709675a976a3e19"
            ],
            "version": "==5.1"
        },
        "pyzmq": {
            "hashes": [
                "sha256:1651e52ed91f0736afd6d94ef9f3259b5534ce8beddb054f3d5ca989c4ef7c4f",
                "sha256:5ccb9b3d4cd20c000a9b75689d5add8cd3bce67fcbd0f8ae1b59345247d803af",
                "sha256:5e120c4cd3872e332fb35d255ad5998ebcee32ace4387b1b337416b6b90436c7",
                "sha256:5e2a3707c69a7281a9957f83718815fd74698cba31f6d69f9ed359921f662221",
                "sha256:63d51add9af8d0442dc90f916baf98fdc04e3b0a32afec4bfc83f8d85e72959f",
                "sha256:65c5a0bdc49e20f7d6b03a661f71e2fda7a99c51270cafe71598146d09810d0d",
                "sha256:66828fabe911aa545d919028441a585edb7c9c77969a5fea6722ef6e6ece38ab",
                "sha256:7d79427e82d9dad6e9b47c0b3e7ae5f9d489b1601e3a36ea629bb49501a4daf3",
                "sha256:824ee5d3078c4eae737ffc500fbf32f2b14e6ec89b26b435b7834febd70120cf",
                "sha256:89dc0a83cccec19ff3c62c091e43e66e0183d1e6b4658c16ee4e659518131494",
                "sha256:8b319805f6f7c907b101c864c3ca6cefc9db8ce0791356f180b1b644c7347e4c",
                "sha256:90facfb379ab47f94b19519c1ecc8ec8d10813b69d9c163117944948bdec5d15",
                "sha256:a0a178c7420021fc0730180a914a4b4b3092ce9696ceb8e72d0f60f8ce1655dd",
                "sha256:a7a89591ae315baccb8072f216614b3e59aed7385aef4393a6c741783d6ee9cf",
                "sha256:ba2578f0ae582452c02ed9fac2dc477b08e80ce05d2c0885becf5fff6651ccb0",
                "sha256:c69b0055c55702f5b0b6b354133e8325b9a56dbc80e1be2d240bead253fb9825",
                "sha256:ca434e1858fe222380221ddeb81e86f45522773344c9da63c311d17161df5e06",
                "sha256:d4b8ecfc3d92f114f04d5c40f60a65e5196198b827503341521dda12d8b14939",
                "sha256:d706025c47b09a54f005953ebe206f6d07a22516776faa4f509aaff681cc5468",
                "sha256:d8f27e958f8a2c0c8ffd4d8855c3ce8ac3fa1e105f0491ce31729aa2b3229740",
                "sha256:dbd264298f76b9060ce537008eb989317ca787c857e23cbd1b3ddf89f190a9b1",
                "sha256:e926d66f0df8fdbf03ba20583af0f215e475c667fb033d45fd031c66c63e34c9",
                "sha256:efc3bd48237f973a749f7312f68062f1b4ca5c2032a0673ca3ea8e46aa77187b",
                "sha256:f59bc782228777cbfe04555707a9c56d269c787ed25d6d28ed9d0fbb41cb1ad2",
                "sha256:f8da5322f4ff5f667a0d5a27e871b560c6637153c81e318b35cb012b2a98835c"
            ],
            "version": "==18.0.1"
        },
        "send2trash": {
            "hashes": [
                "sha256:60001cc07d707fe247c94f74ca6ac0d3255aabcb930529690897ca2a39db28b2",
                "sha256:f1691922577b6fa12821234aeb57599d887c4900b9ca537948d2dac34aea888b"
            ],
            "version": "==1.5.0"
        },
        "six": {
            "hashes": [
                "sha256:3350809f0555b11f552448330d0b52d5f24c91a322ea4a15ef22629740f3761c",
                "sha256:d16a0141ec1a18405cd4ce8b4613101da75da0e9a7aec5bdd4fa804d0e0eba73"
            ],
            "version": "==1.12.0"
        },
        "sortedcontainers": {
            "hashes": [
                "sha256:974e9a32f56b17c1bac2aebd9dcf197f3eb9cd30553c5852a3187ad162e1a03a",
                "sha256:d9e96492dd51fae31e60837736b38fe42a187b5404c16606ff7ee7cd582d4c60"
            ],
            "version": "==2.1.0"
        },
        "tblib": {
            "hashes": [
                "sha256:436e4200e63d92316551179dc540906652878df4ff39b43db30fcf6400444fe7",
                "sha256:9bae4b8c44b06af0e114bfc4d5f6aa3eafd2119af5a4dcab34f51f1665f16c59"
            ],
            "version": "==1.3.2"
        },
        "terminado": {
            "hashes": [
                "sha256:d9d012de63acb8223ac969c17c3043337c2fcfd28f3aea1ee429b345d01ef460",
                "sha256:de08e141f83c3a0798b050ecb097ab6259c3f0331b2f7b7750c9075ced2c20c2"
            ],
            "version": "==0.8.2"
        },
        "testpath": {
            "hashes": [
                "sha256:46c89ebb683f473ffe2aab0ed9f12581d4d078308a3cb3765d79c6b2317b0109",
                "sha256:b694b3d9288dbd81685c5d2e7140b81365d46c29f5db4bc659de5aa6b98780f8"
            ],
            "version": "==0.4.2"
        },
        "toolz": {
            "hashes": [
                "sha256:929f0a7ea7f61c178bd951bdae93920515d3fbdbafc8e6caf82d752b9b3b31c9"
            ],
            "version": "==0.9.0"
        },
        "tornado": {
            "hashes": [
                "sha256:1174dcb84d08887b55defb2cda1986faeeea715fff189ef3dc44cce99f5fca6b",
                "sha256:2613fab506bd2aedb3722c8c64c17f8f74f4070afed6eea17f20b2115e445aec",
                "sha256:44b82bc1146a24e5b9853d04c142576b4e8fa7a92f2e30bc364a85d1f75c4de2",
                "sha256:457fcbee4df737d2defc181b9073758d73f54a6cfc1f280533ff48831b39f4a8",
                "sha256:49603e1a6e24104961497ad0c07c799aec1caac7400a6762b687e74c8206677d",
                "sha256:8c2f40b99a8153893793559919a355d7b74649a11e59f411b0b0a1793e160bc0",
                "sha256:e1d897889c3b5a829426b7d52828fb37b28bc181cd598624e65c8be40ee3f7fa"
            ],
            "version": "==6.0.2"
        },
        "tqdm": {
            "hashes": [
                "sha256:d385c95361699e5cf7622485d9b9eae2d4864b21cd5a2374a9c381ffed701021",
                "sha256:e22977e3ebe961f72362f6ddfb9197cc531c9737aaf5f607ef09740c849ecd05"
            ],
            "index": "pypi",
            "version": "==4.31.1"
        },
        "traitlets": {
            "hashes": [
                "sha256:9c4bd2d267b7153df9152698efb1050a5d84982d3384a37b2c1f7723ba3e7835",
                "sha256:c6cb5e6f57c5a9bdaa40fa71ce7b4af30298fbab9ece9815b5d995ab6217c7d9"
            ],
            "version": "==4.3.2"
        },
        "wcwidth": {
            "hashes": [
                "sha256:3df37372226d6e63e1b1e1eda15c594bca98a22d33a23832a90998faa96bc65e",
                "sha256:f4ebe71925af7b40a864553f761ed559b43544f8f71746c2d756c7fe788ade7c"
            ],
            "version": "==0.1.7"
        },
        "webencodings": {
            "hashes": [
                "sha256:a0af1213f3c2226497a97e2b3aa01a7e4bee4f403f95be16fc9acd2947514a78",
                "sha256:b36a1c245f2d304965eb4e0a82848379241dc04b865afcc4aab16748587e1923"
            ],
            "version": "==0.5.1"
        },
        "widgetsnbextension": {
            "hashes": [
                "sha256:14b2c65f9940c9a7d3b70adbe713dbd38b5ec69724eebaba034d1036cf3d4740",
                "sha256:fa618be8435447a017fd1bf2c7ae922d0428056cfc7449f7a8641edf76b48265"
            ],
            "version": "==3.4.2"
        },
        "zict": {
            "hashes": [
                "sha256:a7838b2f21bc06b7e3db5c64ffa6642255a5f7c01841660b3388a9840e101f99",
                "sha256:d57434102b247719aeda1f543cb55d0ae7ab44f1e1a1f286e299164d1d40da58"
            ],
            "version": "==0.1.4"
        }
    },
    "develop": {
        "appdirs": {
            "hashes": [
                "sha256:9e5896d1372858f8dd3344faf4e5014d21849c756c8d5701f78f8a103b372d92",
                "sha256:d8b24664561d0d34ddfaec54636d502d7cea6e29c3eaf68f3df6180863e2166e"
            ],
            "version": "==1.4.3"
        },
        "attrs": {
            "hashes": [
                "sha256:69c0dbf2ed392de1cb5ec704444b08a5ef81680a61cb899dc08127123af36a79",
                "sha256:f0b870f674851ecbfbbbd364d6b5cbdff9dcedbc7f3f5e18a6891057f21fe399"
            ],
            "version": "==19.1.0"
        },
        "black": {
            "hashes": [
                "sha256:09a9dcb7c46ed496a9850b76e4e825d6049ecd38b611f1224857a79bd985a8cf",
                "sha256:68950ffd4d9169716bcb8719a56c07a2f4485354fec061cdd5910aa07369731c"
            ],
            "index": "pypi",
            "version": "==19.3b0"
        },
        "click": {
            "hashes": [
                "sha256:2335065e6395b9e67ca716de5f7526736bfa6ceead690adf616d925bdc622b13",
                "sha256:5b94b49521f6456670fdb30cd82a4eca9412788a93fa6dd6df72c94d5a8ff2d7"
            ],
            "version": "==7.0"
        },
        "entrypoints": {
            "hashes": [
                "sha256:589f874b313739ad35be6e0cd7efde2a4e9b6fea91edcc34e58ecbb8dbe56d19",
                "sha256:c70dd71abe5a8c85e55e12c19bd91ccfeec11a6e99044204511f9ed547d48451"
            ],
            "version": "==0.3"
        },
        "enum34": {
            "hashes": [
                "sha256:2d81cbbe0e73112bdfe6ef8576f2238f2ba27dd0d55752a776c41d38b7da2850",
                "sha256:644837f692e5f550741432dd3f223bbb9852018674981b1664e5dc339387588a",
                "sha256:6bd0f6ad48ec2aa117d3d141940d484deccda84d4fcd884f5c3d93c23ecd8c79",
                "sha256:8ad8c4783bf61ded74527bffb48ed9b54166685e4230386a9ed9b1279e2df5b1"
            ],
            "version": "==1.1.6"
        },
        "flake8": {
            "hashes": [
                "sha256:859996073f341f2670741b51ec1e67a01da142831aa1fdc6242dbf88dffbe661",
                "sha256:a796a115208f5c03b18f332f7c11729812c8c3ded6c46319c59b53efd3819da8"
            ],
            "index": "pypi",
            "version": "==3.7.7"
        },
        "llvmlite": {
            "hashes": [
                "sha256:035d55963fc45e0074aa0e5659dd2f37c1ebaabe2f803404e4b2857a5c8b692c",
                "sha256:07ed7e38be53611dce7daa36274469dd99995b149c361efc9f509aa8569c2088",
                "sha256:0c5765dca193710ae6bb025961515126cc5ff50121f7eb9b092c422fbc889636",
                "sha256:0dc9bd9e1ec44768dae990d026f9e25467a286d534550bf7185dbb0ddde9850a",
                "sha256:1770d6b4a234cbe87f58ce32bde5d83a7890ad7f1a3cf767baae07baba0f7673",
                "sha256:28b24ab2e95f80b2c4db9f97dd21b1630c35b427e429ac13b841f190146e420d",
                "sha256:2a0703efaf5e0abce62effd200facb5c491e8452471d40866e0afe4f9698261b",
                "sha256:36c280ad6fdfa79e69853ed706a5007ad3d3b9fcc6c4217aca0610b93f25a907",
                "sha256:3e7c020931bca3afb9aaf0a768abee7e689bdede56b1c832cef17d6c3a7d86a1",
                "sha256:4039e6350b22de27576405693b2fe72e8e3f63175f1a6b7f60a97d2235f05ab8",
                "sha256:4c337e847a0f3f491361cb7cc90835b17fbe898994d175e4c8f444fbcf2dffd3",
                "sha256:4e68173ab3be4654ecdbf9238347e23005405f2f5eb6a4e9b48f6e4f0d5a0e50",
                "sha256:4f9a3bac281806fc8d0f06c339ad7f295637edcb2a13621853e024941d53bd0e",
                "sha256:5112f5f7072d3d5c4615cb9f173701a42f3883d26f17ec1b4d8a442f80caa14a",
                "sha256:51fb457dcda0df1cf07ccc89278f9408c4a10504d2d64e44a354e1cb97c96c0f",
                "sha256:55561dffb145356dc1633f3cf325c11675e2d12b23adc6c6c3b4ef268d28d50f",
                "sha256:59c6dcc8a37fee7703b444018d2c2929dce854f15c9a7db868a02ebe2f2e9302",
                "sha256:82f42b16fdea19d0b166bfe2f0b01cab13deec9cb3c47b70a20c870968d0dbe2",
                "sha256:965fd21608977899bd0b9d03b7ce20df5d884753fb50aa34c84cfe11579df7a8",
                "sha256:99bfe5d20344dce92d159f4cdaaac953a1e50b13aaeeab72c4c243bd60ce5819",
                "sha256:a189c0cd8a80e8bbd002a1e422b1efcc2bceab2cb63b961f2d03ab711c3ba45b",
                "sha256:b0decf92f8de3fa2125e7b4822d5460488cfdf0a18b81b482c4865a17e8980af",
                "sha256:ddc7c4e4dd7851f845a3e4044ab4a83a3b6c46462f002b6c8c06bdb5d4a70a9f",
                "sha256:dde4b5e4298976bd721974657ce76178176ea5e55437346b0d52503c0acb5db1",
                "sha256:e91a044a996197c67dd8f73c02ab332c6deca090e3f6152ef0849e5c03e8ca21"
            ],
            "version": "==0.28.0"
        },
        "mccabe": {
            "hashes": [
                "sha256:ab8a6258860da4b6677da4bd2fe5dc2c659cff31b3ee4f7f5d64e79735b80d42",
                "sha256:dd8d182285a0fe56bace7f45b5e7d1a6ebcbf524e8f3bd87eb0f125271b8831f"
            ],
            "version": "==0.6.1"
        },
        "nose": {
            "hashes": [
                "sha256:9ff7c6cc443f8c51994b34a667bbcf45afd6d945be7477b52e97516fd17c53ac",
                "sha256:dadcddc0aefbf99eea214e0f1232b94f2fa9bd98fa8353711dacb112bfcbbb2a",
                "sha256:f1bffef9cbc82628f6e7d7b40d7e255aefaa1adb6a1b1d26c69a8b79e6208a98"
            ],
            "index": "pypi",
            "version": "==1.3.7"
        },
        "numba": {
            "hashes": [
                "sha256:26ae60dc9b725ff32ea755e99014c6aecd86d28378fa0200bb295e5c3c9c42a5",
                "sha256:34e47e1d9fc2212a60cd09d55cf68e55ea66d23cb97d670ddee0e0c762f8813e",
                "sha256:39459756aa18f7bceb7d9218e43158208840735e3c144b7d3f98ffaeec45e813",
                "sha256:3bc984fc48e4e968000633bfc9ce1678f5225835ef26edb72acecc808762054d",
                "sha256:4ea075d5085e1de558084019b9dc8edddd5af25c5c94dccf6d726e13a3e74065",
                "sha256:56d17b41219f8225013adfdb849fbfcc9f5ce2eae2d0b4aff7657c1c06be2c54",
                "sha256:581b0dd765a1760035fec0ea7b46a8197b0c83aef861f39ced80fdc448f95eca",
                "sha256:5ee873d08fbd8b300a6adcf533cbae5a4331214fffe13c2cd2f9b4f4f7d894f3",
                "sha256:8474ca7cdb688bc57d11641ecd03e752c8bd093a079c9b409ea94c311bdbb4e1",
                "sha256:870610f310a5338b3ca3d391a6abdf4fe3f4e5130d836fae991a95c233ab7b4e",
                "sha256:878dc5da34a9a2390e213290bf15b490fffdab5405afaeb138cf836515fad026",
                "sha256:8c62cd40cd3b080862af68c3e233dafc6aac2e9263d0b328dcc8d82a31f5ac56",
                "sha256:9708df9f05fa0478ab09ce08ab6fef673bd8e15de6d638ca2174202ac7d5a579",
                "sha256:9f63e93377fa40bada25ae02d4e79a206c223c02a794ff9c780ed3a4a403d197",
                "sha256:a7b42d9055da747c1b4cab9747fe5c98dcdbff30884dd003449adfa30d23ba64",
                "sha256:ae3e1c42feda71add88ceee4461ed6804ddb90c352ca09c3958db90689be457b",
                "sha256:c026991084928aebffb0590ccce611a71d08cd8ba8fea690c6ec6b3552b7d9d9",
                "sha256:c5773cae81259b5b834ced7537ee2d625fac29795de5d24e9b751418f53abc91",
                "sha256:c9b5069a9e4e5daf297803697a5819c193e42afa3cfd66bded6f28134adf7330",
                "sha256:ce7669937744a55300336a665e9a3b758601c810a2e9ed0c5d1b619072bff1ea",
                "sha256:d2c48b0f10b09f84f0b1494f408b46d8be45db9b868d9bf312f1c0251de92c45",
                "sha256:d2c8c0327ef365540bf36f1c860af1c7b2f86866738f36264be152b3a54ef888",
                "sha256:e3f19b3cb9fa6a0479a56e0da13e59c8e06fe8392cce5eaa85c7f159ae4570c0",
                "sha256:e7789d473f332a17e40166d2960826d821edd75d148b4ed340a893a334b46fae",
                "sha256:f5f908bf358e2f6d4015a04998da86136f6933f3c0a35eb35c59641475c6cdba"
            ],
            "index": "pypi",
            "version": "==0.43.1"
        },
        "numpy": {
            "hashes": [
                "sha256:0e2eed77804b2a6a88741f8fcac02c5499bba3953ec9c71e8b217fad4912c56c",
                "sha256:1c666f04553ef70fda54adf097dbae7080645435fc273e2397f26bbf1d127bbb",
                "sha256:1f46532afa7b2903bfb1b79becca2954c0a04389d19e03dc73f06b039048ac40",
                "sha256:315fa1b1dfc16ae0f03f8fd1c55f23fd15368710f641d570236f3d78af55e340",
                "sha256:3d5fcea4f5ed40c3280791d54da3ad2ecf896f4c87c877b113576b8280c59441",
                "sha256:48241759b99d60aba63b0e590332c600fc4b46ad597c9b0a53f350b871ef0634",
                "sha256:4b4f2924b36d857cf302aec369caac61e43500c17eeef0d7baacad1084c0ee84",
                "sha256:54fe3b7ed9e7eb928bbc4318f954d133851865f062fa4bbb02ef8940bc67b5d2",
                "sha256:5a8f021c70e6206c317974c93eaaf9bc2b56295b6b1cacccf88846e44a1f33fc",
                "sha256:754a6be26d938e6ca91942804eb209307b73f806a1721176278a6038869a1686",
                "sha256:771147e654e8b95eea1293174a94f34e2e77d5729ad44aefb62fbf8a79747a15",
                "sha256:78a6f89da87eeb48014ec652a65c4ffde370c036d780a995edaeb121d3625621",
                "sha256:7fde5c2a3a682a9e101e61d97696687ebdba47637611378b4127fe7e47fdf2bf",
                "sha256:80d99399c97f646e873dd8ce87c38cfdbb668956bbc39bc1e6cac4b515bba2a0",
                "sha256:88a72c1e45a0ae24d1f249a529d9f71fe82e6fa6a3fd61414b829396ec585900",
                "sha256:a4f4460877a16ac73302a9c077ca545498d9fe64e6a81398d8e1a67e4695e3df",
                "sha256:a61255a765b3ac73ee4b110b28fccfbf758c985677f526c2b4b39c48cc4b509d",
                "sha256:ab4896a8c910b9a04c0142871d8800c76c8a2e5ff44763513e1dd9d9631ce897",
                "sha256:abbd6b1c2ef6199f4b7ca9f818eb6b31f17b73a6110aadc4e4298c3f00fab24e",
                "sha256:b16d88da290334e33ea992c56492326ea3b06233a00a1855414360b77ca72f26",
                "sha256:b78a1defedb0e8f6ae1eb55fa6ac74ab42acc4569c3a2eacc2a407ee5d42ebcb",
                "sha256:cfef82c43b8b29ca436560d51b2251d5117818a8d1fb74a8384a83c096745dad",
                "sha256:d160e57731fcdec2beda807ebcabf39823c47e9409485b5a3a1db3a8c6ce763e"
            ],
            "version": "==1.16.3"
        },
        "pycodestyle": {
            "hashes": [
                "sha256:95a2219d12372f05704562a14ec30bc76b05a5b297b21a5dfe3f6fac3491ae56",
                "sha256:e40a936c9a450ad81df37f549d676d127b1b66000a6c500caa2b085bc0ca976c"
            ],
            "version": "==2.5.0"
        },
        "pyflakes": {
            "hashes": [
                "sha256:17dbeb2e3f4d772725c777fabc446d5634d1038f234e77343108ce445ea69ce0",
                "sha256:d976835886f8c5b31d47970ed689944a0262b5f3afa00a5a7b4dc81e5449f8a2"
            ],
            "version": "==2.1.1"
        },
        "toml": {
            "hashes": [
                "sha256:229f81c57791a41d65e399fc06bf0848bab550a9dfd5ed66df18ce5f05e73d5c",
                "sha256:235682dd292d5899d361a811df37e04a8828a5b1da3115886b73cf81ebc9100e"
            ],
            "version": "==0.10.0"
        }
    }
}
